<?xml version="1.0" encoding="utf-8"?>
<Project ToolsVersion="4.0" xmlns="http://schemas.microsoft.com/developer/msbuild/2003">
  <ItemGroup>
    <Filter Include="billyprints">
      <UniqueIdentifier>{E10A55E1-4DC0-CDD6-D6B4-C7AD4269C4DA}</UniqueIdentifier>
    </Filter>
    <Filter Include="billyprints\Editor">
      <UniqueIdentifier>{F7201472-E304-D5C7-4C65-CF1A3868BF49}</UniqueIdentifier>
    </Filter>
    <Filter Include="billyprints\Nodes">
      <UniqueIdentifier>{6971C8AE-D587-C644-1EFF-51668A5497CC}</UniqueIdentifier>
    </Filter>
    <Filter Include="billyprints\Nodes\Gates">
      <UniqueIdentifier>{2C891A1F-98C0-62B6-A1CA-C6D90D8189AF}</UniqueIdentifier>
    </Filter>
    <Filter Include="billyprints\Nodes\Gates\legacy">
      <UniqueIdentifier>{D01A53D9-BC40-1D40-A586-A20B914B420C}</UniqueIdentifier>
    </Filter>
    <Filter Include="billyprints\Nodes\Special">
      <UniqueIdentifier>{B918890D-25DB-BC97-6E8B-4B24DA8C9575}</UniqueIdentifier>
    </Filter>
    <Filter Include="libs">
      <UniqueIdentifier>{2F149A7C-1B4B-9B0D-C437-8110B04D170F}</UniqueIdentifier>
    </Filter>
    <Filter Include="libs\backends">
      <UniqueIdentifier>{39B3B6C8-A573-32FF-6EAE-7B7CDA2D77DB}</UniqueIdentifier>
    </Filter>
    <Filter Include="libs\imgui">
      <UniqueIdentifier>{D948162C-C500-5879-2E08-31D51ADFF269}</UniqueIdentifier>
    </Filter>
    <Filter Include="libs\imnodes">
      <UniqueIdentifier>{8D3C478B-799F-D62F-2225-0FE60E67A2B2}</UniqueIdentifier>
    </Filter>
  </ItemGroup>
  <ItemGroup>
    <ClInclude Include="billyprints\Billyprints.hpp">
      <Filter>billyprints</Filter>
    </ClInclude>
    <ClInclude Include="billyprints\Editor\Connection.hpp">
      <Filter>billyprints\Editor</Filter>
    </ClInclude>
    <ClInclude Include="billyprints\Editor\NodeEditor.hpp">
      <Filter>billyprints\Editor</Filter>
    </ClInclude>
    <ClInclude Include="billyprints\Nodes\Gates.hpp">
      <Filter>billyprints\Nodes</Filter>
    </ClInclude>
    <ClInclude Include="billyprints\Nodes\Gates\AND.hpp">
      <Filter>billyprints\Nodes\Gates</Filter>
    </ClInclude>
    <ClInclude Include="billyprints\Nodes\Gates\CustomGate.hpp">
      <Filter>billyprints\Nodes\Gates</Filter>
    </ClInclude>
    <ClInclude Include="billyprints\Nodes\Gates\Gate.hpp">
      <Filter>billyprints\Nodes\Gates</Filter>
    </ClInclude>
    <ClInclude Include="billyprints\Nodes\Gates\NOT.hpp">
      <Filter>billyprints\Nodes\Gates</Filter>
    </ClInclude>
    <ClInclude Include="billyprints\Nodes\Gates\legacy\Buffer.hpp">
      <Filter>billyprints\Nodes\Gates\legacy</Filter>
    </ClInclude>
    <ClInclude Include="billyprints\Nodes\Gates\legacy\NAND.hpp">
      <Filter>billyprints\Nodes\Gates\legacy</Filter>
    </ClInclude>
    <ClInclude Include="billyprints\Nodes\Gates\legacy\NOR.hpp">
      <Filter>billyprints\Nodes\Gates\legacy</Filter>
    </ClInclude>
    <ClInclude Include="billyprints\Nodes\Gates\legacy\OR.hpp">
      <Filter>billyprints\Nodes\Gates\legacy</Filter>
    </ClInclude>
    <ClInclude Include="billyprints\Nodes\Gates\legacy\XNOR.hpp">
      <Filter>billyprints\Nodes\Gates\legacy</Filter>
    </ClInclude>
    <ClInclude Include="billyprints\Nodes\Gates\legacy\XOR.hpp">
      <Filter>billyprints\Nodes\Gates\legacy</Filter>
    </ClInclude>
    <ClInclude Include="billyprints\Nodes\Node.hpp">
      <Filter>billyprints\Nodes</Filter>
    </ClInclude>
    <ClInclude Include="billyprints\Nodes\Nodes.hpp">
      <Filter>billyprints\Nodes</Filter>
    </ClInclude>
    <ClInclude Include="billyprints\Nodes\Special\PinIn.hpp">
      <Filter>billyprints\Nodes\Special</Filter>
    </ClInclude>
    <ClInclude Include="billyprints\Nodes\Special\PinOut.hpp">
      <Filter>billyprints\Nodes\Special</Filter>
    </ClInclude>
    <ClInclude Include="billyprints\pch.hpp">
      <Filter>billyprints</Filter>
    </ClInclude>
    <ClInclude Include="libs\backends\imgui_impl_glfw.hpp">
      <Filter>libs\backends</Filter>
    </ClInclude>
    <ClInclude Include="libs\backends\imgui_impl_opengl3.hpp">
      <Filter>libs\backends</Filter>
    </ClInclude>
    <ClInclude Include="libs\backends\imgui_impl_opengl3_loader.hpp">
      <Filter>libs\backends</Filter>
    </ClInclude>
    <ClInclude Include="libs\imgui\imconfig.h">
      <Filter>libs\imgui</Filter>
    </ClInclude>
    <ClInclude Include="libs\imgui\imconfig.hpp">
      <Filter>libs\imgui</Filter>
    </ClInclude>
    <ClInclude Include="libs\imgui\imgui.h">
      <Filter>libs\imgui</Filter>
    </ClInclude>
    <ClInclude Include="libs\imgui\imgui.hpp">
      <Filter>libs\imgui</Filter>
    </ClInclude>
    <ClInclude Include="libs\imgui\imgui_internal.h">
      <Filter>libs\imgui</Filter>
    </ClInclude>
    <ClInclude Include="libs\imgui\imgui_internal.hpp">
      <Filter>libs\imgui</Filter>
    </ClInclude>
    <ClInclude Include="libs\imgui\imstb_rectpack.hpp">
      <Filter>libs\imgui</Filter>
    </ClInclude>
    <ClInclude Include="libs\imgui\imstb_textedit.hpp">
      <Filter>libs\imgui</Filter>
    </ClInclude>
    <ClInclude Include="libs\imgui\imstb_truetype.hpp">
      <Filter>libs\imgui</Filter>
    </ClInclude>
    <ClInclude Include="libs\imnodes\ImNodes.h">
      <Filter>libs\imnodes</Filter>
    </ClInclude>
    <ClInclude Include="libs\imnodes\ImNodesEz.h">
      <Filter>libs\imnodes</Filter>
    </ClInclude>
  </ItemGroup>
  <ItemGroup>
    <ClCompile Include="billyprints\Billyprints.cpp">
      <Filter>billyprints</Filter>
    </ClCompile>
    <ClCompile Include="billyprints\Editor\Connection.cpp">
      <Filter>billyprints\Editor</Filter>
    </ClCompile>
    <ClCompile Include="billyprints\Editor\NodeEditor.cpp">
      <Filter>billyprints\Editor</Filter>
    </ClCompile>
    <ClCompile Include="billyprints\Editor\NodeEditor_Gates.cpp">
      <Filter>billyprints\Editor</Filter>
    </ClCompile>
    <ClCompile Include="billyprints\Editor\NodeEditor_Script.cpp">
      <Filter>billyprints\Editor</Filter>
    </ClCompile>
    <ClCompile Include="billyprints\Nodes\Gates.cpp">
      <Filter>billyprints\Nodes</Filter>
    </ClCompile>
    <ClCompile Include="billyprints\Nodes\Gates\AND.cpp">
      <Filter>billyprints\Nodes\Gates</Filter>
    </ClCompile>
    <ClCompile Include="billyprints\Nodes\Gates\CustomGate.cpp">
      <Filter>billyprints\Nodes\Gates</Filter>
    </ClCompile>
    <ClCompile Include="billyprints\Nodes\Gates\Gate.cpp">
      <Filter>billyprints\Nodes\Gates</Filter>
    </ClCompile>
    <ClCompile Include="billyprints\Nodes\Gates\NOT.cpp">
      <Filter>billyprints\Nodes\Gates</Filter>
    </ClCompile>
    <ClCompile Include="billyprints\Nodes\Gates\legacy\Buffer.cpp">
      <Filter>billyprints\Nodes\Gates\legacy</Filter>
    </ClCompile>
    <ClCompile Include="billyprints\Nodes\Gates\legacy\NAND.cpp">
      <Filter>billyprints\Nodes\Gates\legacy</Filter>
    </ClCompile>
    <ClCompile Include="billyprints\Nodes\Gates\legacy\NOR.cpp">
      <Filter>billyprints\Nodes\Gates\legacy</Filter>
    </ClCompile>
    <ClCompile Include="billyprints\Nodes\Gates\legacy\OR.cpp">
      <Filter>billyprints\Nodes\Gates\legacy</Filter>
    </ClCompile>
    <ClCompile Include="billyprints\Nodes\Gates\legacy\XNOR.cpp">
      <Filter>billyprints\Nodes\Gates\legacy</Filter>
    </ClCompile>
    <ClCompile Include="billyprints\Nodes\Gates\legacy\XOR.cpp">
      <Filter>billyprints\Nodes\Gates\legacy</Filter>
    </ClCompile>
    <ClCompile Include="billyprints\Nodes\Node.cpp">
      <Filter>billyprints\Nodes</Filter>
    </ClCompile>
    <ClCompile Include="billyprints\Nodes\Nodes.cpp">
      <Filter>billyprints\Nodes</Filter>
    </ClCompile>
    <ClCompile Include="billyprints\Nodes\Special\PinIn.cpp">
      <Filter>billyprints\Nodes\Special</Filter>
    </ClCompile>
    <ClCompile Include="billyprints\Nodes\Special\PinOut.cpp">
      <Filter>billyprints\Nodes\Special</Filter>
    </ClCompile>
    <ClCompile Include="billyprints\main.cpp">
      <Filter>billyprints</Filter>
    </ClCompile>
    <ClCompile Include="billyprints\pch.cpp">
      <Filter>billyprints</Filter>
    </ClCompile>
    <ClCompile Include="libs\backends\imgui_impl_glfw.cpp">
      <Filter>libs\backends</Filter>
    </ClCompile>
    <ClCompile Include="libs\backends\imgui_impl_opengl3.cpp">
      <Filter>libs\backends</Filter>
    </ClCompile>
    <ClCompile Include="libs\imgui\imgui.cpp">
      <Filter>libs\imgui</Filter>
    </ClCompile>
    <ClCompile Include="libs\imgui\imgui_draw.cpp">
      <Filter>libs\imgui</Filter>
    </ClCompile>
    <ClCompile Include="libs\imgui\imgui_tables.cpp">
      <Filter>libs\imgui</Filter>
    </ClCompile>
    <ClCompile Include="libs\imgui\imgui_widgets.cpp">
      <Filter>libs\imgui</Filter>
    </ClCompile>
    <ClCompile Include="libs\imnodes\ImNodes.cpp">
      <Filter>libs\imnodes</Filter>
    </ClCompile>
    <ClCompile Include="libs\imnodes\ImNodesEz.cpp">
      <Filter>libs\imnodes</Filter>
    </ClCompile>
  </ItemGroup>
</Project>