<?xml version="1.0" encoding="utf-8"?>
<Project ToolsVersion="4.0" xmlns="http://schemas.microsoft.com/developer/msbuild/2003">
  <ItemGroup>
    <ClCompile Include="pch.cpp" />
    <ClCompile Include="..\libs\imgui\imgui_widgets.cpp">
      <Filter>Include\imgui</Filter>
    </ClCompile>
    <ClCompile Include="..\libs\imgui\imgui_tables.cpp">
      <Filter>Include\imgui</Filter>
    </ClCompile>
    <ClCompile Include="..\libs\imgui\imgui_draw.cpp">
      <Filter>Include\imgui</Filter>
    </ClCompile>
    <ClCompile Include="..\libs\imgui\imgui.cpp">
      <Filter>Include\imgui</Filter>
    </ClCompile>
    <ClCompile Include="..\libs\backends\imgui_impl_glfw.cpp">
      <Filter>Include\Backend</Filter>
    </ClCompile>
    <ClCompile Include="..\libs\backends\imgui_impl_opengl3.cpp">
      <Filter>Include\Backend</Filter>
    </ClCompile>
    <ClCompile Include="..\libs\imnodes\ImNodes.cpp">
      <Filter>Include\imgui\imnodes</Filter>
    </ClCompile>
    <ClCompile Include="..\libs\imnodes\ImNodesEz.cpp">
      <Filter>Include\imgui\imnodes</Filter>
    </ClCompile>
    <ClCompile Include="main.cpp" />
    <ClCompile Include="Nodes\Gate.cpp">
      <Filter>Nodes</Filter>
    </ClCompile>
    <ClCompile Include="Nodes\Node.cpp">
      <Filter>Nodes</Filter>
    </ClCompile>
    <ClCompile Include="Editor\Connection.cpp">
      <Filter>Editor</Filter>
    </ClCompile>
    <ClCompile Include="Editor\NodeEditor.cpp">
      <Filter>Editor</Filter>
    </ClCompile>
    <ClCompile Include="Nodes\AND.cpp">
      <Filter>Nodes\Gates</Filter>
    </ClCompile>
    <ClCompile Include="Nodes\NOT.cpp">
      <Filter>Nodes\Gates</Filter>
    </ClCompile>
    <ClCompile Include="Nodes\OR.cpp">
      <Filter>Nodes\Gates</Filter>
    </ClCompile>
    <ClCompile Include="Nodes\Source.cpp">
      <Filter>Nodes\Special</Filter>
    </ClCompile>
  </ItemGroup>
  <ItemGroup>
    <ClInclude Include="pch.hpp" />
    <ClInclude Include="..\libs\imgui\imgui_internal.h">
      <Filter>Include\imgui</Filter>
    </ClInclude>
    <ClInclude Include="..\libs\imgui\imgui.h">
      <Filter>Include\imgui</Filter>
    </ClInclude>
    <ClInclude Include="..\libs\backends\imgui_impl_glfw.h">
      <Filter>Include\Backend</Filter>
    </ClInclude>
    <ClInclude Include="..\libs\backends\imgui_impl_opengl3.h">
      <Filter>Include\Backend</Filter>
    </ClInclude>
    <ClInclude Include="..\libs\backends\imgui_impl_opengl3_loader.h">
      <Filter>Include\Backend</Filter>
    </ClInclude>
    <ClInclude Include="..\libs\imnodes\ImNodes.h">
      <Filter>Include\imgui\imnodes</Filter>
    </ClInclude>
    <ClInclude Include="..\libs\imnodes\ImNodesEz.h">
      <Filter>Include\imgui\imnodes</Filter>
    </ClInclude>
    <ClInclude Include="..\libs\imgui\imconfig.h">
      <Filter>Include\imgui</Filter>
    </ClInclude>
    <ClInclude Include="..\libs\imgui\imstb_rectpack.h">
      <Filter>Include\imgui</Filter>
    </ClInclude>
    <ClInclude Include="..\libs\imgui\imstb_textedit.h">
      <Filter>Include\imgui</Filter>
    </ClInclude>
    <ClInclude Include="..\libs\imgui\imstb_truetype.h">
      <Filter>Include\imgui</Filter>
    </ClInclude>
    <ClInclude Include="Nodes\Gate.hpp">
      <Filter>Nodes</Filter>
    </ClInclude>
    <ClInclude Include="Nodes\Node.hpp">
      <Filter>Nodes</Filter>
    </ClInclude>
    <ClInclude Include="Editor\Connection.hpp">
      <Filter>Editor</Filter>
    </ClInclude>
    <ClInclude Include="Editor\NodeEditor.hpp">
      <Filter>Editor</Filter>
    </ClInclude>
    <ClInclude Include="Nodes\AND.hpp">
      <Filter>Nodes\Gates</Filter>
    </ClInclude>
    <ClInclude Include="Nodes\NOT.hpp">
      <Filter>Nodes\Gates</Filter>
    </ClInclude>
    <ClInclude Include="Nodes\OR.hpp">
      <Filter>Nodes\Gates</Filter>
    </ClInclude>
    <ClInclude Include="Nodes\Source.hpp">
      <Filter>Nodes\Special</Filter>
    </ClInclude>
  </ItemGroup>
  <ItemGroup>
    <Filter Include="Include">
      <UniqueIdentifier>{9b18bee8-d8bc-41b2-b79a-8e2e56cb3bba}</UniqueIdentifier>
    </Filter>
    <Filter Include="Include\imgui">
      <UniqueIdentifier>{db883f23-0477-48f2-93ab-848408f23140}</UniqueIdentifier>
    </Filter>
    <Filter Include="Include\Backend">
      <UniqueIdentifier>{b7bbb63c-15b7-4822-9047-e76bc5f2b35f}</UniqueIdentifier>
    </Filter>
    <Filter Include="Include\imgui\imnodes">
      <UniqueIdentifier>{fae8eeb5-d70d-471d-895d-55037fac853e}</UniqueIdentifier>
    </Filter>
    <Filter Include="Nodes">
      <UniqueIdentifier>{ef54ed87-f34c-45df-a4e1-b5f09efab2e4}</UniqueIdentifier>
    </Filter>
    <Filter Include="Editor">
      <UniqueIdentifier>{923149e5-08b8-49bf-9e68-f73bfd6358a8}</UniqueIdentifier>
    </Filter>
    <Filter Include="Nodes\Gates">
      <UniqueIdentifier>{c92d98b5-754f-4066-aa06-6e0d37841cbd}</UniqueIdentifier>
    </Filter>
    <Filter Include="Nodes\Special">
      <UniqueIdentifier>{bf6690bf-834d-4013-82a5-d45be7e5760c}</UniqueIdentifier>
    </Filter>
  </ItemGroup>
</Project>